Microsoft Visual Studio Solution File, Format Version 12.00
# Visual Studio Version 17
VisualStudioVersion = 17.13.35617.110
MinimumVisualStudioVersion = 10.0.40219.1
Project("{FAE04EC0-301F-11D3-BF4B-00C04F79EFBC}") = "framework.updateversion", "framework.updateversion\framework.updateversion.csproj", "{3BBF2CF4-9C07-44B9-8CD8-46E5A23C1C49}"
EndProject
Project("{FAE04EC0-301F-11D3-BF4B-00C04F79EFBC}") = "framework.devicemgt", "framework.devicemgt\framework.devicemgt.csproj", "{6BB2A649-0B8F-440E-BA6B-52BE0DE34B3B}"
EndProject
Project("{FAE04EC0-301F-11D3-BF4B-00C04F79EFBC}") = "framework.socket", "framework.socket\framework.socket.csproj", "{4577986E-0133-43CE-A9F1-BC46B85EE736}"
EndProject
Project("{FAE04EC0-301F-11D3-BF4B-00C04F79EFBC}") = "common.utilities", "common.utilities\common.utilities.csproj", "{01E949AA-6E6B-4F0D-8AC1-D4631863E158}"
EndProject
Project("{FAE04EC0-301F-11D3-BF4B-00C04F79EFBC}") = "framework.services", "framework.services\framework.services.csproj", "{B7265F1C-C81A-449B-94AF-BADB91D89A13}"
EndProject
Project("{FAE04EC0-301F-11D3-BF4B-00C04F79EFBC}") = "framework.resources", "framework.resources\framework.resources.csproj", "{8711EDCF-C82D-4251-BFE1-B10F578B8D15}"
EndProject
Project("{FAE04EC0-301F-11D3-BF4B-00C04F79EFBC}") = "framework.hostcontroller", "framework.hostcontroller\framework.hostcontroller.csproj", "{98D6235A-8B83-4C17-BE09-8F3DAFD68F1A}"
EndProject
Project("{FAE04EC0-301F-11D3-BF4B-00C04F79EFBC}") = "common.webservices", "common.webservices\common.webservices.csproj", "{7F9CCFCE-0E7A-4019-A7E3-B35A47E4A3D4}"
EndProject
Project("{FAE04EC0-301F-11D3-BF4B-00C04F79EFBC}") = "framework.smartdevice", "framework.smartdevice\framework.smartdevice.csproj", "{0E484453-D210-4E7D-99E0-A42FC9E08D70}"
EndProject
Project("{FAE04EC0-301F-11D3-BF4B-00C04F79EFBC}") = "framework.smartbase", "framework.smartbase\framework.smartbase.csproj", "{B8499502-5B93-4DD4-AB61-58D488C42CDA}"
EndProject
Project("{FAE04EC0-301F-11D3-BF4B-00C04F79EFBC}") = "framework.pipes", "framework.pipes\framework.pipes.csproj", "{6EB63C69-A307-4468-84C0-0D90F4DB13E1}"
EndProject
Project("{FAE04EC0-301F-11D3-BF4B-00C04F79EFBC}") = "framework.download", "framework.download\framework.download.csproj", "{C7245AD5-725B-49F6-B3CE-537CC53F9FCD}"
EndProject
Project("{FAE04EC0-301F-11D3-BF4B-00C04F79EFBC}") = "common.log", "common.log\common.log.csproj", "{92C1EC5A-D0A9-4782-A313-4896A5B0BA23}"
EndProject
Project("{FAE04EC0-301F-11D3-BF4B-00C04F79EFBC}") = "runtime.hostproxy", "runtime.hostproxy\runtime.hostproxy.csproj", "{B1FE6697-7FD3-A573-F203-67B7C31169C7}"
EndProject
Project("{FAE04EC0-301F-11D3-BF4B-00C04F79EFBC}") = "application", "application\application.csproj", "{C2E984EF-1628-4A0E-A217-DF7C1C255CAB}"
EndProject
Global
	GlobalSection(SolutionConfigurationPlatforms) = preSolution
		Debug|AnyCPU = Debug|AnyCPU
		Debug|x64 = Debug|x64
		Release|AnyCPU = Release|AnyCPU
		Release|x64 = Release|x64
	EndGlobalSection
	GlobalSection(ProjectConfigurationPlatforms) = postSolution
		{3BBF2CF4-9C07-44B9-8CD8-46E5A23C1C49}.Debug|AnyCPU.ActiveCfg = Debug|Any CPU
		{3BBF2CF4-9C07-44B9-8CD8-46E5A23C1C49}.Debug|AnyCPU.Build.0 = Debug|Any CPU
		{3BBF2CF4-9C07-44B9-8CD8-46E5A23C1C49}.Debug|x64.ActiveCfg = Debug|Any CPU
		{3BBF2CF4-9C07-44B9-8CD8-46E5A23C1C49}.Debug|x64.Build.0 = Debug|Any CPU
		{3BBF2CF4-9C07-44B9-8CD8-46E5A23C1C49}.Release|AnyCPU.ActiveCfg = Release|Any CPU
		{3BBF2CF4-9C07-44B9-8CD8-46E5A23C1C49}.Release|AnyCPU.Build.0 = Release|Any CPU
		{3BBF2CF4-9C07-44B9-8CD8-46E5A23C1C49}.Release|x64.ActiveCfg = Release|Any CPU
		{3BBF2CF4-9C07-44B9-8CD8-46E5A23C1C49}.Release|x64.Build.0 = Release|Any CPU
		{6BB2A649-0B8F-440E-BA6B-52BE0DE34B3B}.Debug|AnyCPU.ActiveCfg = Debug|Any CPU
		{6BB2A649-0B8F-440E-BA6B-52BE0DE34B3B}.Debug|AnyCPU.Build.0 = Debug|Any CPU
		{6BB2A649-0B8F-440E-BA6B-52BE0DE34B3B}.Debug|x64.ActiveCfg = Debug|Any CPU
		{6BB2A649-0B8F-440E-BA6B-52BE0DE34B3B}.Debug|x64.Build.0 = Debug|Any CPU
		{6BB2A649-0B8F-440E-BA6B-52BE0DE34B3B}.Release|AnyCPU.ActiveCfg = Release|Any CPU
		{6BB2A649-0B8F-440E-BA6B-52BE0DE34B3B}.Release|AnyCPU.Build.0 = Release|Any CPU
		{6BB2A649-0B8F-440E-BA6B-52BE0DE34B3B}.Release|x64.ActiveCfg = Release|Any CPU
		{6BB2A649-0B8F-440E-BA6B-52BE0DE34B3B}.Release|x64.Build.0 = Release|Any CPU
		{4577986E-0133-43CE-A9F1-BC46B85EE736}.Debug|AnyCPU.ActiveCfg = Debug|Any CPU
		{4577986E-0133-43CE-A9F1-BC46B85EE736}.Debug|AnyCPU.Build.0 = Debug|Any CPU
		{4577986E-0133-43CE-A9F1-BC46B85EE736}.Debug|x64.ActiveCfg = Debug|Any CPU
		{4577986E-0133-43CE-A9F1-BC46B85EE736}.Debug|x64.Build.0 = Debug|Any CPU
		{4577986E-0133-43CE-A9F1-BC46B85EE736}.Release|AnyCPU.ActiveCfg = Release|Any CPU
		{4577986E-0133-43CE-A9F1-BC46B85EE736}.Release|AnyCPU.Build.0 = Release|Any CPU
		{4577986E-0133-43CE-A9F1-BC46B85EE736}.Release|x64.ActiveCfg = Release|Any CPU
		{4577986E-0133-43CE-A9F1-BC46B85EE736}.Release|x64.Build.0 = Release|Any CPU
		{01E949AA-6E6B-4F0D-8AC1-D4631863E158}.Debug|AnyCPU.ActiveCfg = Debug|Any CPU
		{01E949AA-6E6B-4F0D-8AC1-D4631863E158}.Debug|AnyCPU.Build.0 = Debug|Any CPU
		{01E949AA-6E6B-4F0D-8AC1-D4631863E158}.Debug|x64.ActiveCfg = Debug|Any CPU
		{01E949AA-6E6B-4F0D-8AC1-D4631863E158}.Debug|x64.Build.0 = Debug|Any CPU
		{01E949AA-6E6B-4F0D-8AC1-D4631863E158}.Release|AnyCPU.ActiveCfg = Release|Any CPU
		{01E949AA-6E6B-4F0D-8AC1-D4631863E158}.Release|AnyCPU.Build.0 = Release|Any CPU
		{01E949AA-6E6B-4F0D-8AC1-D4631863E158}.Release|x64.ActiveCfg = Release|Any CPU
		{01E949AA-6E6B-4F0D-8AC1-D4631863E158}.Release|x64.Build.0 = Release|Any CPU
		{B7265F1C-C81A-449B-94AF-BADB91D89A13}.Debug|AnyCPU.ActiveCfg = Debug|Any CPU
		{B7265F1C-C81A-449B-94AF-BADB91D89A13}.Debug|AnyCPU.Build.0 = Debug|Any CPU
		{B7265F1C-C81A-449B-94AF-BADB91D89A13}.Debug|x64.ActiveCfg = Debug|Any CPU
		{B7265F1C-C81A-449B-94AF-BADB91D89A13}.Debug|x64.Build.0 = Debug|Any CPU
		{B7265F1C-C81A-449B-94AF-BADB91D89A13}.Release|AnyCPU.ActiveCfg = Release|Any CPU
		{B7265F1C-C81A-449B-94AF-BADB91D89A13}.Release|AnyCPU.Build.0 = Release|Any CPU
		{B7265F1C-C81A-449B-94AF-BADB91D89A13}.Release|x64.ActiveCfg = Release|Any CPU
		{B7265F1C-C81A-449B-94AF-BADB91D89A13}.Release|x64.Build.0 = Release|Any CPU
		{8711EDCF-C82D-4251-BFE1-B10F578B8D15}.Debug|AnyCPU.ActiveCfg = Debug|Any CPU
		{8711EDCF-C82D-4251-BFE1-B10F578B8D15}.Debug|AnyCPU.Build.0 = Debug|Any CPU
		{8711EDCF-C82D-4251-BFE1-B10F578B8D15}.Debug|x64.ActiveCfg = Debug|Any CPU
		{8711EDCF-C82D-4251-BFE1-B10F578B8D15}.Debug|x64.Build.0 = Debug|Any CPU
		{8711EDCF-C82D-4251-BFE1-B10F578B8D15}.Release|AnyCPU.ActiveCfg = Release|Any CPU
		{8711EDCF-C82D-4251-BFE1-B10F578B8D15}.Release|AnyCPU.Build.0 = Release|Any CPU
		{8711EDCF-C82D-4251-BFE1-B10F578B8D15}.Release|x64.ActiveCfg = Release|Any CPU
		{8711EDCF-C82D-4251-BFE1-B10F578B8D15}.Release|x64.Build.0 = Release|Any CPU
		{98D6235A-8B83-4C17-BE09-8F3DAFD68F1A}.Debug|AnyCPU.ActiveCfg = Debug|Any CPU
		{98D6235A-8B83-4C17-BE09-8F3DAFD68F1A}.Debug|AnyCPU.Build.0 = Debug|Any CPU
		{98D6235A-8B83-4C17-BE09-8F3DAFD68F1A}.Debug|x64.ActiveCfg = Debug|Any CPU
		{98D6235A-8B83-4C17-BE09-8F3DAFD68F1A}.Debug|x64.Build.0 = Debug|Any CPU
		{98D6235A-8B83-4C17-BE09-8F3DAFD68F1A}.Release|AnyCPU.ActiveCfg = Release|Any CPU
		{98D6235A-8B83-4C17-BE09-8F3DAFD68F1A}.Release|AnyCPU.Build.0 = Release|Any CPU
		{98D6235A-8B83-4C17-BE09-8F3DAFD68F1A}.Release|x64.ActiveCfg = Release|Any CPU
		{98D6235A-8B83-4C17-BE09-8F3DAFD68F1A}.Release|x64.Build.0 = Release|Any CPU
		{7F9CCFCE-0E7A-4019-A7E3-B35A47E4A3D4}.Debug|AnyCPU.ActiveCfg = Debug|Any CPU
		{7F9CCFCE-0E7A-4019-A7E3-B35A47E4A3D4}.Debug|AnyCPU.Build.0 = Debug|Any CPU
		{7F9CCFCE-0E7A-4019-A7E3-B35A47E4A3D4}.Debug|x64.ActiveCfg = Debug|Any CPU
		{7F9CCFCE-0E7A-4019-A7E3-B35A47E4A3D4}.Debug|x64.Build.0 = Debug|Any CPU
		{7F9CCFCE-0E7A-4019-A7E3-B35A47E4A3D4}.Release|AnyCPU.ActiveCfg = Release|Any CPU
		{7F9CCFCE-0E7A-4019-A7E3-B35A47E4A3D4}.Release|AnyCPU.Build.0 = Release|Any CPU
		{7F9CCFCE-0E7A-4019-A7E3-B35A47E4A3D4}.Release|x64.ActiveCfg = Release|Any CPU
		{7F9CCFCE-0E7A-4019-A7E3-B35A47E4A3D4}.Release|x64.Build.0 = Release|Any CPU
		{0E484453-D210-4E7D-99E0-A42FC9E08D70}.Debug|AnyCPU.ActiveCfg = Debug|Any CPU
		{0E484453-D210-4E7D-99E0-A42FC9E08D70}.Debug|AnyCPU.Build.0 = Debug|Any CPU
		{0E484453-D210-4E7D-99E0-A42FC9E08D70}.Debug|x64.ActiveCfg = Debug|Any CPU
		{0E484453-D210-4E7D-99E0-A42FC9E08D70}.Debug|x64.Build.0 = Debug|Any CPU
		{0E484453-D210-4E7D-99E0-A42FC9E08D70}.Release|AnyCPU.ActiveCfg = Release|Any CPU
		{0E484453-D210-4E7D-99E0-A42FC9E08D70}.Release|AnyCPU.Build.0 = Release|Any CPU
		{0E484453-D210-4E7D-99E0-A42FC9E08D70}.Release|x64.ActiveCfg = Release|Any CPU
		{0E484453-D210-4E7D-99E0-A42FC9E08D70}.Release|x64.Build.0 = Release|Any CPU
		{B8499502-5B93-4DD4-AB61-58D488C42CDA}.Debug|AnyCPU.ActiveCfg = Debug|Any CPU
		{B8499502-5B93-4DD4-AB61-58D488C42CDA}.Debug|AnyCPU.Build.0 = Debug|Any CPU
		{B8499502-5B93-4DD4-AB61-58D488C42CDA}.Debug|x64.ActiveCfg = Debug|Any CPU
		{B8499502-5B93-4DD4-AB61-58D488C42CDA}.Debug|x64.Build.0 = Debug|Any CPU
		{B8499502-5B93-4DD4-AB61-58D488C42CDA}.Release|AnyCPU.ActiveCfg = Release|Any CPU
		{B8499502-5B93-4DD4-AB61-58D488C42CDA}.Release|AnyCPU.Build.0 = Release|Any CPU
		{B8499502-5B93-4DD4-AB61-58D488C42CDA}.Release|x64.ActiveCfg = Release|Any CPU
		{B8499502-5B93-4DD4-AB61-58D488C42CDA}.Release|x64.Build.0 = Release|Any CPU
		{6EB63C69-A307-4468-84C0-0D90F4DB13E1}.Debug|AnyCPU.ActiveCfg = Debug|Any CPU
		{6EB63C69-A307-4468-84C0-0D90F4DB13E1}.Debug|AnyCPU.Build.0 = Debug|Any CPU
		{6EB63C69-A307-4468-84C0-0D90F4DB13E1}.Debug|x64.ActiveCfg = Debug|Any CPU
		{6EB63C69-A307-4468-84C0-0D90F4DB13E1}.Debug|x64.Build.0 = Debug|Any CPU
		{6EB63C69-A307-4468-84C0-0D90F4DB13E1}.Release|AnyCPU.ActiveCfg = Release|Any CPU
		{6EB63C69-A307-4468-84C0-0D90F4DB13E1}.Release|AnyCPU.Build.0 = Release|Any CPU
		{6EB63C69-A307-4468-84C0-0D90F4DB13E1}.Release|x64.ActiveCfg = Release|Any CPU
		{6EB63C69-A307-4468-84C0-0D90F4DB13E1}.Release|x64.Build.0 = Release|Any CPU
		{C7245AD5-725B-49F6-B3CE-537CC53F9FCD}.Debug|AnyCPU.ActiveCfg = Debug|Any CPU
		{C7245AD5-725B-49F6-B3CE-537CC53F9FCD}.Debug|AnyCPU.Build.0 = Debug|Any CPU
		{C7245AD5-725B-49F6-B3CE-537CC53F9FCD}.Debug|x64.ActiveCfg = Debug|Any CPU
		{C7245AD5-725B-49F6-B3CE-537CC53F9FCD}.Debug|x64.Build.0 = Debug|Any CPU
		{C7245AD5-725B-49F6-B3CE-537CC53F9FCD}.Release|AnyCPU.ActiveCfg = Release|Any CPU
		{C7245AD5-725B-49F6-B3CE-537CC53F9FCD}.Release|AnyCPU.Build.0 = Release|Any CPU
		{C7245AD5-725B-49F6-B3CE-537CC53F9FCD}.Release|x64.ActiveCfg = Release|Any CPU
		{C7245AD5-725B-49F6-B3CE-537CC53F9FCD}.Release|x64.Build.0 = Release|Any CPU
		{92C1EC5A-D0A9-4782-A313-4896A5B0BA23}.Debug|AnyCPU.ActiveCfg = Debug|Any CPU
		{92C1EC5A-D0A9-4782-A313-4896A5B0BA23}.Debug|AnyCPU.Build.0 = Debug|Any CPU
		{92C1EC5A-D0A9-4782-A313-4896A5B0BA23}.Debug|x64.ActiveCfg = Debug|Any CPU
		{92C1EC5A-D0A9-4782-A313-4896A5B0BA23}.Debug|x64.Build.0 = Debug|Any CPU
		{92C1EC5A-D0A9-4782-A313-4896A5B0BA23}.Release|AnyCPU.ActiveCfg = Release|Any CPU
		{92C1EC5A-D0A9-4782-A313-4896A5B0BA23}.Release|AnyCPU.Build.0 = Release|Any CPU
		{92C1EC5A-D0A9-4782-A313-4896A5B0BA23}.Release|x64.ActiveCfg = Release|Any CPU
		{92C1EC5A-D0A9-4782-A313-4896A5B0BA23}.Release|x64.Build.0 = Release|Any CPU
		{B1FE6697-7FD3-A573-F203-67B7C31169C7}.Debug|AnyCPU.ActiveCfg = Debug|Any CPU
		{B1FE6697-7FD3-A573-F203-67B7C31169C7}.Debug|AnyCPU.Build.0 = Debug|Any CPU
		{B1FE6697-7FD3-A573-F203-67B7C31169C7}.Debug|x64.ActiveCfg = Debug|Any CPU
		{B1FE6697-7FD3-A573-F203-67B7C31169C7}.Debug|x64.Build.0 = Debug|Any CPU
		{B1FE6697-7FD3-A573-F203-67B7C31169C7}.Release|AnyCPU.ActiveCfg = Release|Any CPU
		{B1FE6697-7FD3-A573-F203-67B7C31169C7}.Release|AnyCPU.Build.0 = Release|Any CPU
		{B1FE6697-7FD3-A573-F203-67B7C31169C7}.Release|x64.ActiveCfg = Release|Any CPU
		{B1FE6697-7FD3-A573-F203-67B7C31169C7}.Release|x64.Build.0 = Release|Any CPU
		{C2E984EF-1628-4A0E-A217-DF7C1C255CAB}.Debug|AnyCPU.ActiveCfg = Debug|Any CPU
		{C2E984EF-1628-4A0E-A217-DF7C1C255CAB}.Debug|x64.ActiveCfg = Debug|Any CPU
		{C2E984EF-1628-4A0E-A217-DF7C1C255CAB}.Debug|x64.Build.0 = Debug|Any CPU
		{C2E984EF-1628-4A0E-A217-DF7C1C255CAB}.Release|AnyCPU.ActiveCfg = Release|Any CPU
		{C2E984EF-1628-4A0E-A217-DF7C1C255CAB}.Release|x64.ActiveCfg = Release|Any CPU
		{C2E984EF-1628-4A0E-A217-DF7C1C255CAB}.Release|x64.Build.0 = Release|Any CPU
	EndGlobalSection
	GlobalSection(SolutionProperties) = preSolution
		HideSolutionNode = FALSE
	EndGlobalSection
	GlobalSection(ExtensibilityGlobals) = postSolution
		SolutionGuid = {D92B6FEF-EECB-4587-9852-59EE73F11FB6}
	EndGlobalSection
EndGlobal
